// !$*UTF8*$!
{
	archiveVersion = 1;
	classes = {
	};
	objectVersion = 46;
	objects = {

/* Begin PBXBuildFile section */
		42A2257519C96401006BC79A /* Foundation.framework in Frameworks */ = {isa = PBXBuildFile; fileRef = 42A2257419C96401006BC79A /* Foundation.framework */; };
		42A2257719C96401006BC79A /* CoreGraphics.framework in Frameworks */ = {isa = PBXBuildFile; fileRef = 42A2257619C96401006BC79A /* CoreGraphics.framework */; };
		42A2257919C96401006BC79A /* UIKit.framework in Frameworks */ = {isa = PBXBuildFile; fileRef = 42A2257819C96401006BC79A /* UIKit.framework */; };
		42A2257F19C96401006BC79A /* InfoPlist.strings in Resources */ = {isa = PBXBuildFile; fileRef = 42A2257D19C96401006BC79A /* InfoPlist.strings */; };
		42A2258119C96401006BC79A /* main.m in Sources */ = {isa = PBXBuildFile; fileRef = 42A2258019C96401006BC79A /* main.m */; };
		42A2258519C96401006BC79A /* JKAppDelegate.m in Sources */ = {isa = PBXBuildFile; fileRef = 42A2258419C96401006BC79A /* JKAppDelegate.m */; };
		42A2258819C96401006BC79A /* Main.storyboard in Resources */ = {isa = PBXBuildFile; fileRef = 42A2258619C96401006BC79A /* Main.storyboard */; };
		42A2258B19C96401006BC79A /* JKViewController.m in Sources */ = {isa = PBXBuildFile; fileRef = 42A2258A19C96401006BC79A /* JKViewController.m */; };
		42A2258D19C96401006BC79A /* Images.xcassets in Resources */ = {isa = PBXBuildFile; fileRef = 42A2258C19C96401006BC79A /* Images.xcassets */; };
		42A2259419C96402006BC79A /* XCTest.framework in Frameworks */ = {isa = PBXBuildFile; fileRef = 42A2259319C96402006BC79A /* XCTest.framework */; };
		42A2259519C96402006BC79A /* Foundation.framework in Frameworks */ = {isa = PBXBuildFile; fileRef = 42A2257419C96401006BC79A /* Foundation.framework */; };
		42A2259619C96402006BC79A /* UIKit.framework in Frameworks */ = {isa = PBXBuildFile; fileRef = 42A2257819C96401006BC79A /* UIKit.framework */; };
		42A2259E19C96402006BC79A /* InfoPlist.strings in Resources */ = {isa = PBXBuildFile; fileRef = 42A2259C19C96402006BC79A /* InfoPlist.strings */; };
		42A225A019C96402006BC79A /* Git_TestTests.m in Sources */ = {isa = PBXBuildFile; fileRef = 42A2259F19C96402006BC79A /* Git_TestTests.m */; };
		42A225AB19CAB227006BC79A /* JKTest.m in Sources */ = {isa = PBXBuildFile; fileRef = 42A225AA19CAB227006BC79A /* JKTest.m */; };
/* End PBXBuildFile section */

/* Begin PBXContainerItemProxy section */
		42A2259719C96402006BC79A /* PBXContainerItemProxy */ = {
			isa = PBXContainerItemProxy;
			containerPortal = 42A2256919C96401006BC79A /* Project object */;
			proxyType = 1;
			remoteGlobalIDString = 42A2257019C96401006BC79A;
			remoteInfo = "Git Test";
		};
/* End PBXContainerItemProxy section */

/* Begin PBXFileReference section */
		42A2257119C96401006BC79A /* Git Test.app */ = {isa = PBXFileReference; explicitFileType = wrapper.application; includeInIndex = 0; path = "Git Test.app"; sourceTree = BUILT_PRODUCTS_DIR; };
		42A2257419C96401006BC79A /* Foundation.framework */ = {isa = PBXFileReference; lastKnownFileType = wrapper.framework; name = Foundation.framework; path = System/Library/Frameworks/Foundation.framework; sourceTree = SDKROOT; };
		42A2257619C96401006BC79A /* CoreGraphics.framework */ = {isa = PBXFileReference; lastKnownFileType = wrapper.framework; name = CoreGraphics.framework; path = System/Library/Frameworks/CoreGraphics.framework; sourceTree = SDKROOT; };
		42A2257819C96401006BC79A /* UIKit.framework */ = {isa = PBXFileReference; lastKnownFileType = wrapper.framework; name = UIKit.framework; path = System/Library/Frameworks/UIKit.framework; sourceTree = SDKROOT; };
		42A2257C19C96401006BC79A /* Git Test-Info.plist */ = {isa = PBXFileReference; lastKnownFileType = text.plist.xml; path = "Git Test-Info.plist"; sourceTree = "<group>"; };
		42A2257E19C96401006BC79A /* en */ = {isa = PBXFileReference; lastKnownFileType = text.plist.strings; name = en; path = en.lproj/InfoPlist.strings; sourceTree = "<group>"; };
		42A2258019C96401006BC79A /* main.m */ = {isa = PBXFileReference; lastKnownFileType = sourcecode.c.objc; path = main.m; sourceTree = "<group>"; };
		42A2258219C96401006BC79A /* Git Test-Prefix.pch */ = {isa = PBXFileReference; lastKnownFileType = sourcecode.c.h; path = "Git Test-Prefix.pch"; sourceTree = "<group>"; };
		42A2258319C96401006BC79A /* JKAppDelegate.h */ = {isa = PBXFileReference; lastKnownFileType = sourcecode.c.h; path = JKAppDelegate.h; sourceTree = "<group>"; };
		42A2258419C96401006BC79A /* JKAppDelegate.m */ = {isa = PBXFileReference; lastKnownFileType = sourcecode.c.objc; path = JKAppDelegate.m; sourceTree = "<group>"; };
		42A2258719C96401006BC79A /* Base */ = {isa = PBXFileReference; lastKnownFileType = file.storyboard; name = Base; path = Base.lproj/Main.storyboard; sourceTree = "<group>"; };
		42A2258919C96401006BC79A /* JKViewController.h */ = {isa = PBXFileReference; lastKnownFileType = sourcecode.c.h; path = JKViewController.h; sourceTree = "<group>"; };
		42A2258A19C96401006BC79A /* JKViewController.m */ = {isa = PBXFileReference; lastKnownFileType = sourcecode.c.objc; path = JKViewController.m; sourceTree = "<group>"; };
		42A2258C19C96401006BC79A /* Images.xcassets */ = {isa = PBXFileReference; lastKnownFileType = folder.assetcatalog; path = Images.xcassets; sourceTree = "<group>"; };
		42A2259219C96402006BC79A /* Git TestTests.xctest */ = {isa = PBXFileReference; explicitFileType = wrapper.cfbundle; includeInIndex = 0; path = "Git TestTests.xctest"; sourceTree = BUILT_PRODUCTS_DIR; };
		42A2259319C96402006BC79A /* XCTest.framework */ = {isa = PBXFileReference; lastKnownFileType = wrapper.framework; name = XCTest.framework; path = Library/Frameworks/XCTest.framework; sourceTree = DEVELOPER_DIR; };
		42A2259B19C96402006BC79A /* Git TestTests-Info.plist */ = {isa = PBXFileReference; lastKnownFileType = text.plist.xml; path = "Git TestTests-Info.plist"; sourceTree = "<group>"; };
		42A2259D19C96402006BC79A /* en */ = {isa = PBXFileReference; lastKnownFileType = text.plist.strings; name = en; path = en.lproj/InfoPlist.strings; sourceTree = "<group>"; };
		42A2259F19C96402006BC79A /* Git_TestTests.m */ = {isa = PBXFileReference; lastKnownFileType = sourcecode.c.objc; path = Git_TestTests.m; sourceTree = "<group>"; };
		42A225A919CAB227006BC79A /* JKTest.h */ = {isa = PBXFileReference; fileEncoding = 4; lastKnownFileType = sourcecode.c.h; path = JKTest.h; sourceTree = "<group>"; };
		42A225AA19CAB227006BC79A /* JKTest.m */ = {isa = PBXFileReference; fileEncoding = 4; lastKnownFileType = sourcecode.c.objc; path = JKTest.m; sourceTree = "<group>"; };
/* End PBXFileReference section */

/* Begin PBXFrameworksBuildPhase section */
		42A2256E19C96401006BC79A /* Frameworks */ = {
			isa = PBXFrameworksBuildPhase;
			buildActionMask = 2147483647;
			files = (
				42A2257719C96401006BC79A /* CoreGraphics.framework in Frameworks */,
				42A2257919C96401006BC79A /* UIKit.framework in Frameworks */,
				42A2257519C96401006BC79A /* Foundation.framework in Frameworks */,
			);
			runOnlyForDeploymentPostprocessing = 0;
		};
		42A2258F19C96402006BC79A /* Frameworks */ = {
			isa = PBXFrameworksBuildPhase;
			buildActionMask = 2147483647;
			files = (
				42A2259419C96402006BC79A /* XCTest.framework in Frameworks */,
				42A2259619C96402006BC79A /* UIKit.framework in Frameworks */,
				42A2259519C96402006BC79A /* Foundation.framework in Frameworks */,
			);
			runOnlyForDeploymentPostprocessing = 0;
		};
/* End PBXFrameworksBuildPhase section */

/* Begin PBXGroup section */
		42A2256819C96401006BC79A = {
			isa = PBXGroup;
			children = (
				42A2257A19C96401006BC79A /* Git Test */,
				42A2259919C96402006BC79A /* Git TestTests */,
				42A2257319C96401006BC79A /* Frameworks */,
				42A2257219C96401006BC79A /* Products */,
			);
			sourceTree = "<group>";
		};
		42A2257219C96401006BC79A /* Products */ = {
			isa = PBXGroup;
			children = (
				42A2257119C96401006BC79A /* Git Test.app */,
				42A2259219C96402006BC79A /* Git TestTests.xctest */,
			);
			name = Products;
			sourceTree = "<group>";
		};
		42A2257319C96401006BC79A /* Frameworks */ = {
			isa = PBXGroup;
			children = (
				42A2257419C96401006BC79A /* Foundation.framework */,
				42A2257619C96401006BC79A /* CoreGraphics.framework */,
				42A2257819C96401006BC79A /* UIKit.framework */,
				42A2259319C96402006BC79A /* XCTest.framework */,
			);
			name = Frameworks;
			sourceTree = "<group>";
		};
		42A2257A19C96401006BC79A /* Git Test */ = {
			isa = PBXGroup;
			children = (
				42A2258319C96401006BC79A /* JKAppDelegate.h */,
				42A2258419C96401006BC79A /* JKAppDelegate.m */,
				42A2258619C96401006BC79A /* Main.storyboard */,
				42A2258919C96401006BC79A /* JKViewController.h */,
				42A2258A19C96401006BC79A /* JKViewController.m */,
				42A225A919CAB227006BC79A /* JKTest.h */,
				42A225AA19CAB227006BC79A /* JKTest.m */,
				42A2258C19C96401006BC79A /* Images.xcassets */,
				42A2257B19C96401006BC79A /* Supporting Files */,
			);
			path = "Git Test";
			sourceTree = "<group>";
		};
		42A2257B19C96401006BC79A /* Supporting Files */ = {
			isa = PBXGroup;
			children = (
				42A2257C19C96401006BC79A /* Git Test-Info.plist */,
				42A2257D19C96401006BC79A /* InfoPlist.strings */,
				42A2258019C96401006BC79A /* main.m */,
				42A2258219C96401006BC79A /* Git Test-Prefix.pch */,
			);
			name = "Supporting Files";
			sourceTree = "<group>";
		};
		42A2259919C96402006BC79A /* Git TestTests */ = {
			isa = PBXGroup;
			children = (
				42A2259F19C96402006BC79A /* Git_TestTests.m */,
				42A2259A19C96402006BC79A /* Supporting Files */,
			);
			path = "Git TestTests";
			sourceTree = "<group>";
		};
		42A2259A19C96402006BC79A /* Supporting Files */ = {
			isa = PBXGroup;
			children = (
				42A2259B19C96402006BC79A /* Git TestTests-Info.plist */,
				42A2259C19C96402006BC79A /* InfoPlist.strings */,
			);
			name = "Supporting Files";
			sourceTree = "<group>";
		};
/* End PBXGroup section */

/* Begin PBXNativeTarget section */
		42A2257019C96401006BC79A /* Git Test */ = {
			isa = PBXNativeTarget;
			buildConfigurationList = 42A225A319C96402006BC79A /* Build configuration list for PBXNativeTarget "Git Test" */;
			buildPhases = (
				42A2256D19C96401006BC79A /* Sources */,
				42A2256E19C96401006BC79A /* Frameworks */,
				42A2256F19C96401006BC79A /* Resources */,
			);
			buildRules = (
			);
			dependencies = (
			);
			name = "Git Test";
			productName = "Git Test";
			productReference = 42A2257119C96401006BC79A /* Git Test.app */;
			productType = "com.apple.product-type.application";
		};
		42A2259119C96402006BC79A /* Git TestTests */ = {
			isa = PBXNativeTarget;
			buildConfigurationList = 42A225A619C96402006BC79A /* Build configuration list for PBXNativeTarget "Git TestTests" */;
			buildPhases = (
				42A2258E19C96402006BC79A /* Sources */,
				42A2258F19C96402006BC79A /* Frameworks */,
				42A2259019C96402006BC79A /* Resources */,
			);
			buildRules = (
			);
			dependencies = (
				42A2259819C96402006BC79A /* PBXTargetDependency */,
			);
			name = "Git TestTests";
			productName = "Git TestTests";
			productReference = 42A2259219C96402006BC79A /* Git TestTests.xctest */;
			productType = "com.apple.product-type.bundle.unit-test";
		};
/* End PBXNativeTarget section */

/* Begin PBXProject section */
		42A2256919C96401006BC79A /* Project object */ = {
			isa = PBXProject;
			attributes = {
				CLASSPREFIX = JK;
				LastUpgradeCheck = 0510;
				ORGANIZATIONNAME = "Jag Kho";
				TargetAttributes = {
					42A2259119C96402006BC79A = {
						TestTargetID = 42A2257019C96401006BC79A;
					};
				};
			};
			buildConfigurationList = 42A2256C19C96401006BC79A /* Build configuration list for PBXProject "Git Test" */;
			compatibilityVersion = "Xcode 3.2";
			developmentRegion = English;
			hasScannedForEncodings = 0;
			knownRegions = (
				en,
				Base,
			);
			mainGroup = 42A2256819C96401006BC79A;
			productRefGroup = 42A2257219C96401006BC79A /* Products */;
			projectDirPath = "";
			projectRoot = "";
			targets = (
				42A2257019C96401006BC79A /* Git Test */,
				42A2259119C96402006BC79A /* Git TestTests */,
			);
		};
/* End PBXProject section */

/* Begin PBXResourcesBuildPhase section */
		42A2256F19C96401006BC79A /* Resources */ = {
			isa = PBXResourcesBuildPhase;
			buildActionMask = 2147483647;
			files = (
				42A2258D19C96401006BC79A /* Images.xcassets in Resources */,
				42A2257F19C96401006BC79A /* InfoPlist.strings in Resources */,
				42A2258819C96401006BC79A /* Main.storyboard in Resources */,
			);
			runOnlyForDeploymentPostprocessing = 0;
		};
		42A2259019C96402006BC79A /* Resources */ = {
			isa = PBXResourcesBuildPhase;
			buildActionMask = 2147483647;
			files = (
				42A2259E19C96402006BC79A /* InfoPlist.strings in Resources */,
			);
			runOnlyForDeploymentPostprocessing = 0;
		};
/* End PBXResourcesBuildPhase section */

/* Begin PBXSourcesBuildPhase section */
		42A2256D19C96401006BC79A /* Sources */ = {
			isa = PBXSourcesBuildPhase;
			buildActionMask = 2147483647;
			files = (
				42A225AB19CAB227006BC79A /* JKTest.m in Sources */,
				42A2258119C96401006BC79A /* main.m in Sources */,
				42A2258B19C96401006BC79A /* JKViewController.m in Sources */,
				42A2258519C96401006BC79A /* JKAppDelegate.m in Sources */,
			);
			runOnlyForDeploymentPostprocessing = 0;
		};
		42A2258E19C96402006BC79A /* Sources */ = {
			isa = PBXSourcesBuildPhase;
			buildActionMask = 2147483647;
			files = (
				42A225A019C96402006BC79A /* Git_TestTests.m in Sources */,
			);
			runOnlyForDeploymentPostprocessing = 0;
		};
/* End PBXSourcesBuildPhase section */

/* Begin PBXTargetDependency section */
		42A2259819C96402006BC79A /* PBXTargetDependency */ = {
			isa = PBXTargetDependency;
			target = 42A2257019C96401006BC79A /* Git Test */;
			targetProxy = 42A2259719C96402006BC79A /* PBXContainerItemProxy */;
		};
/* End PBXTargetDependency section */

/* Begin PBXVariantGroup section */
		42A2257D19C96401006BC79A /* InfoPlist.strings */ = {
			isa = PBXVariantGroup;
			children = (
				42A2257E19C96401006BC79A /* en */,
			);
			name = InfoPlist.strings;
			sourceTree = "<group>";
		};
		42A2258619C96401006BC79A /* Main.storyboard */ = {
			isa = PBXVariantGroup;
			children = (
				42A2258719C96401006BC79A /* Base */,
			);
			name = Main.storyboard;
			sourceTree = "<group>";
		};
		42A2259C19C96402006BC79A /* InfoPlist.strings */ = {
			isa = PBXVariantGroup;
			children = (
				42A2259D19C96402006BC79A /* en */,
			);
			name = InfoPlist.strings;
			sourceTree = "<group>";
		};
/* End PBXVariantGroup section */

/* Begin XCBuildConfiguration section */
		42A225A119C96402006BC79A /* Debug */ = {
			isa = XCBuildConfiguration;
			buildSettings = {
				ALWAYS_SEARCH_USER_PATHS = NO;
				CLANG_CXX_LANGUAGE_STANDARD = "gnu++0x";
				CLANG_CXX_LIBRARY = "libc++";
				CLANG_ENABLE_MODULES = YES;
				CLANG_ENABLE_OBJC_ARC = YES;
				CLANG_WARN_BOOL_CONVERSION = YES;
				CLANG_WARN_CONSTANT_CONVERSION = YES;
				CLANG_WARN_DIRECT_OBJC_ISA_USAGE = YES_ERROR;
				CLANG_WARN_EMPTY_BODY = YES;
				CLANG_WARN_ENUM_CONVERSION = YES;
				CLANG_WARN_INT_CONVERSION = YES;
				CLANG_WARN_OBJC_ROOT_CLASS = YES_ERROR;
				CLANG_WARN__DUPLICATE_METHOD_MATCH = YES;
				"CODE_SIGN_IDENTITY[sdk=iphoneos*]" = "iPhone Developer";
				COPY_PHASE_STRIP = NO;
				GCC_C_LANGUAGE_STANDARD = gnu99;
				GCC_DYNAMIC_NO_PIC = NO;
				GCC_OPTIMIZATION_LEVEL = 0;
				GCC_PREPROCESSOR_DEFINITIONS = (
					"DEBUG=1",
					"$(inherited)",
				);
				GCC_SYMBOLS_PRIVATE_EXTERN = NO;
				GCC_WARN_64_TO_32_BIT_CONVERSION = YES;
				GCC_WARN_ABOUT_RETURN_TYPE = YES_ERROR;
				GCC_WARN_UNDECLARED_SELECTOR = YES;
				GCC_WARN_UNINITIALIZED_AUTOS = YES_AGGRESSIVE;
				GCC_WARN_UNUSED_FUNCTION = YES;
				GCC_WARN_UNUSED_VARIABLE = YES;
				IPHONEOS_DEPLOYMENT_TARGET = 7.1;
				ONLY_ACTIVE_ARCH = YES;
				SDKROOT = iphoneos;
			};
			name = Debug;
		};
		42A225A219C96402006BC79A /* Release */ = {
			isa = XCBuildConfiguration;
			buildSettings = {
				ALWAYS_SEARCH_USER_PATHS = NO;
				CLANG_CXX_LANGUAGE_STANDARD = "gnu++0x";
				CLANG_CXX_LIBRARY = "libc++";
				CLANG_ENABLE_MODULES = YES;
				CLANG_ENABLE_OBJC_ARC = YES;
				CLANG_WARN_BOOL_CONVERSION = YES;
				CLANG_WARN_CONSTANT_CONVERSION = YES;
				CLANG_WARN_DIRECT_OBJC_ISA_USAGE = YES_ERROR;
				CLANG_WARN_EMPTY_BODY = YES;
				CLANG_WARN_ENUM_CONVERSION = YES;
				CLANG_WARN_INT_CONVERSION = YES;
				CLANG_WARN_OBJC_ROOT_CLASS = YES_ERROR;
				CLANG_WARN__DUPLICATE_METHOD_MATCH = YES;
				"CODE_SIGN_IDENTITY[sdk=iphoneos*]" = "iPhone Developer";
				COPY_PHASE_STRIP = YES;
				ENABLE_NS_ASSERTIONS = NO;
				GCC_C_LANGUAGE_STANDARD = gnu99;
				GCC_WARN_64_TO_32_BIT_CONVERSION = YES;
				GCC_WARN_ABOUT_RETURN_TYPE = YES_ERROR;
				GCC_WARN_UNDECLARED_SELECTOR = YES;
				GCC_WARN_UNINITIALIZED_AUTOS = YES_AGGRESSIVE;
				GCC_WARN_UNUSED_FUNCTION = YES;
				GCC_WARN_UNUSED_VARIABLE = YES;
				IPHONEOS_DEPLOYMENT_TARGET = 7.1;
				SDKROOT = iphoneos;
				VALIDATE_PRODUCT = YES;
			};
			name = Release;
		};
		42A225A419C96402006BC79A /* Debug */ = {
			isa = XCBuildConfiguration;
			buildSettings = {
				ASSETCATALOG_COMPILER_APPICON_NAME = AppIcon;
				ASSETCATALOG_COMPILER_LAUNCHIMAGE_NAME = LaunchImage;
				GCC_PRECOMPILE_PREFIX_HEADER = YES;
				GCC_PREFIX_HEADER = "Git Test/Git Test-Prefix.pch";
				INFOPLIST_FILE = "Git Test/Git Test-Info.plist";
				PRODUCT_NAME = "$(TARGET_NAME)";
				WRAPPER_EXTENSION = app;
			};
			name = Debug;
		};
		42A225A519C96402006BC79A /* Release */ = {
			isa = XCBuildConfiguration;
			buildSettings = {
				ASSETCATALOG_COMPILER_APPICON_NAME = AppIcon;
				ASSETCATALOG_COMPILER_LAUNCHIMAGE_NAME = LaunchImage;
				GCC_PRECOMPILE_PREFIX_HEADER = YES;
				GCC_PREFIX_HEADER = "Git Test/Git Test-Prefix.pch";
				INFOPLIST_FILE = "Git Test/Git Test-Info.plist";
				PRODUCT_NAME = "$(TARGET_NAME)";
				WRAPPER_EXTENSION = app;
			};
			name = Release;
		};
		42A225A719C96402006BC79A /* Debug */ = {
			isa = XCBuildConfiguration;
			buildSettings = {
				BUNDLE_LOADER = "$(BUILT_PRODUCTS_DIR)/Git Test.app/Git Test";
				FRAMEWORK_SEARCH_PATHS = (
					"$(SDKROOT)/Developer/Library/Frameworks",
					"$(inherited)",
					"$(DEVELOPER_FRAMEWORKS_DIR)",
				);
				GCC_PRECOMPILE_PREFIX_HEADER = YES;
				GCC_PREFIX_HEADER = "Git Test/Git Test-Prefix.pch";
				GCC_PREPROCESSOR_DEFINITIONS = (
					"DEBUG=1",
					"$(inherited)",
				);
				INFOPLIST_FILE = "Git TestTests/Git TestTests-Info.plist";
				PRODUCT_NAME = "$(TARGET_NAME)";
				TEST_HOST = "$(BUNDLE_LOADER)";
				WRAPPER_EXTENSION = xctest;
			};
			name = Debug;
		};
		42A225A819C96402006BC79A /* Release */ = {
			isa = XCBuildConfiguration;
			buildSettings = {
				BUNDLE_LOADER = "$(BUILT_PRODUCTS_DIR)/Git Test.app/Git Test";
				FRAMEWORK_SEARCH_PATHS = (
					"$(SDKROOT)/Developer/Library/Frameworks",
					"$(inherited)",
					"$(DEVELOPER_FRAMEWORKS_DIR)",
				);
				GCC_PRECOMPILE_PREFIX_HEADER = YES;
				GCC_PREFIX_HEADER = "Git Test/Git Test-Prefix.pch";
				INFOPLIST_FILE = "Git TestTests/Git TestTests-Info.plist";
				PRODUCT_NAME = "$(TARGET_NAME)";
				TEST_HOST = "$(BUNDLE_LOADER)";
				WRAPPER_EXTENSION = xctest;
			};
			name = Release;
		};
/* End XCBuildConfiguration section */

/* Begin XCConfigurationList section */
		42A2256C19C96401006BC79A /* Build configuration list for PBXProject "Git Test" */ = {
			isa = XCConfigurationList;
			buildConfigurations = (
				42A225A119C96402006BC79A /* Debug */,
				42A225A219C96402006BC79A /* Release */,
			);
			defaultConfigurationIsVisible = 0;
			defaultConfigurationName = Release;
		};
		42A225A319C96402006BC79A /* Build configuration list for PBXNativeTarget "Git Test" */ = {
			isa = XCConfigurationList;
			buildConfigurations = (
				42A225A419C96402006BC79A /* Debug */,
				42A225A519C96402006BC79A /* Release */,
			);
			defaultConfigurationIsVisible = 0;
			defaultConfigurationName = Release;
		};
		42A225A619C96402006BC79A /* Build configuration list for PBXNativeTarget "Git TestTests" */ = {
			isa = XCConfigurationList;
			buildConfigurations = (
				42A225A719C96402006BC79A /* Debug */,
				42A225A819C96402006BC79A /* Release */,
			);
			defaultConfigurationIsVisible = 0;
			defaultConfigurationName = Release;
		};
/* End XCConfigurationList section */
	};
	rootObject = 42A2256919C96401006BC79A /* Project object */;
}
